{
  "name": "dancing-moves",
  "version": "0.0.0",
  "lockfileVersion": 2,
  "requires": true,
  "packages": {
    "": {
      "name": "dancing-moves",
      "version": "0.0.0",
      "devDependencies": {
        "@playwright/test": "^1.24.2",
        "allure-commandline": "^2.18.1",
        "allure-playwright": "^2.0.0-beta.18",
        "rxjs": "~7.5.6",
        "typescript": "~4.7.4"
      }
    },
    "node_modules/@playwright/test": {
      "version": "1.25.0",
      "resolved": "https://registry.npmjs.org/@playwright/test/-/test-1.25.0.tgz",
      "integrity": "sha512-j4EZhTTQI3dBeWblE21EV//swwmBtOpIrLdOIJIRv4uqsLdHgBg1z+JtTg+AeC5o2bAXIE26kDNW5A0TimG8Bg==",
      "dev": true,
      "dependencies": {
        "@types/node": "*",
        "playwright-core": "1.25.0"
      },
      "bin": {
        "playwright": "cli.js"
      },
      "engines": {
        "node": ">=14"
      }
    },
    "node_modules/@types/node": {
      "version": "18.7.3",
      "resolved": "https://registry.npmjs.org/@types/node/-/node-18.7.3.tgz",
      "integrity": "sha512-LJgzOEwWuMTBxHzgBR/fhhBOWrvBjvO+zPteUgbbuQi80rYIZHrk1mNbRUqPZqSLP2H7Rwt1EFLL/tNLD1Xx/w==",
      "dev": true
    },
    "node_modules/allure-commandline": {
      "version": "2.18.1",
      "resolved": "https://registry.npmjs.org/allure-commandline/-/allure-commandline-2.18.1.tgz",
      "integrity": "sha512-bB0jY00yXxROgaTkC/PTFzmT0sVuHGiOhm80onO+N/tr5MF3eQrBkwTOdvuefEWJ1NTACutvmzZSYn8o6W2evA==",
      "dev": true,
      "bin": {
        "allure": "bin/allure"
      }
    },
    "node_modules/allure-js-commons": {
      "version": "2.0.0-beta.19",
      "resolved": "https://registry.npmjs.org/allure-js-commons/-/allure-js-commons-2.0.0-beta.19.tgz",
      "integrity": "sha512-sgt7TnU7s8QIzEOmLFO0T5ih4W2YbLrcsL1ElO7WN/dPzIww4G1BBJQDK98VCS+cG5qIljBYRuJ+rtzKWgtM8A==",
      "dev": true,
      "dependencies": {
        "mkdirp": "^1.0.4",
        "properties": "^1.2.1",
        "uuid": "^8.3.0"
      }
    },
    "node_modules/allure-playwright": {
      "version": "2.0.0-beta.19",
      "resolved": "https://registry.npmjs.org/allure-playwright/-/allure-playwright-2.0.0-beta.19.tgz",
      "integrity": "sha512-TMSZToE0oPXz0qfH1cMaO5kcMrV8GkSlM1650Hk9dwpR/ldH2zx23/E7l1f77Elpqp/bGNyekjXNhYSx9ihCVg==",
      "dev": true,
      "dependencies": {
        "allure-js-commons": "2.0.0-beta.19"
      }
    },
    "node_modules/mkdirp": {
      "version": "1.0.4",
      "resolved": "https://registry.npmjs.org/mkdirp/-/mkdirp-1.0.4.tgz",
      "integrity": "sha512-vVqVZQyf3WLx2Shd0qJ9xuvqgAyKPLAiqITEtqW0oIUjzo3PePDd6fW9iFz30ef7Ysp/oiWqbhszeGWW2T6Gzw==",
      "dev": true,
      "bin": {
        "mkdirp": "bin/cmd.js"
      },
      "engines": {
        "node": ">=10"
      }
    },
    "node_modules/playwright-core": {
      "version": "1.25.0",
      "resolved": "https://registry.npmjs.org/playwright-core/-/playwright-core-1.25.0.tgz",
      "integrity": "sha512-kZ3Jwaf3wlu0GgU0nB8UMQ+mXFTqBIFz9h1svTlNduNKjnbPXFxw7mJanLVjqxHJRn62uBfmgBj93YHidk2N5Q==",
      "dev": true,
      "bin": {
        "playwright": "cli.js"
      },
      "engines": {
        "node": ">=14"
      }
    },
    "node_modules/properties": {
      "version": "1.2.1",
      "resolved": "https://registry.npmjs.org/properties/-/properties-1.2.1.tgz",
      "integrity": "sha512-qYNxyMj1JeW54i/EWEFsM1cVwxJbtgPp8+0Wg9XjNaK6VE/c4oRi6PNu5p7w1mNXEIQIjV5Wwn8v8Gz82/QzdQ==",
      "dev": true,
      "engines": {
        "node": ">=0.10"
      }
    },
    "node_modules/rxjs": {
      "version": "7.5.6",
      "resolved": "https://registry.npmjs.org/rxjs/-/rxjs-7.5.6.tgz",
      "integrity": "sha512-dnyv2/YsXhnm461G+R/Pe5bWP41Nm6LBXEYWI6eiFP4fiwx6WRI/CD0zbdVAudd9xwLEF2IDcKXLHit0FYjUzw==",
      "dev": true,
      "dependencies": {
        "tslib": "^2.1.0"
      }
    },
    "node_modules/tslib": {
      "version": "2.4.0",
      "resolved": "https://registry.npmjs.org/tslib/-/tslib-2.4.0.tgz",
      "integrity": "sha512-d6xOpEDfsi2CZVlPQzGeux8XMwLT9hssAsaPYExaQMuYskwb+x1x7J371tWlbBdWHroy99KnVB6qIkUbs5X3UQ==",
      "dev": true
    },
    "node_modules/typescript": {
      "version": "4.7.4",
      "resolved": "https://registry.npmjs.org/typescript/-/typescript-4.7.4.tgz",
      "integrity": "sha512-C0WQT0gezHuw6AdY1M2jxUO83Rjf0HP7Sk1DtXj6j1EwkQNZrHAg2XPWlq62oqEhYvONq5pkC2Y9oPljWToLmQ==",
      "dev": true,
      "bin": {
        "tsc": "bin/tsc",
        "tsserver": "bin/tsserver"
      },
      "engines": {
        "node": ">=4.2.0"
      }
    },
    "node_modules/uuid": {
      "version": "8.3.2",
      "resolved": "https://registry.npmjs.org/uuid/-/uuid-8.3.2.tgz",
      "integrity": "sha512-+NYs2QeMWy+GWFOEm9xnn6HCDp0l7QBD7ml8zLUmJ+93Q5NF0NocErnwkTkXVFNiX3/fpC6afS8Dhb/gz7R7eg==",
      "dev": true,
      "bin": {
        "uuid": "dist/bin/uuid"
      }
    }
  },
  "dependencies": {
    "@playwright/test": {
      "version": "1.25.0",
      "resolved": "https://registry.npmjs.org/@playwright/test/-/test-1.25.0.tgz",
      "integrity": "sha512-j4EZhTTQI3dBeWblE21EV//swwmBtOpIrLdOIJIRv4uqsLdHgBg1z+JtTg+AeC5o2bAXIE26kDNW5A0TimG8Bg==",
      "dev": true,
      "requires": {
        "@types/node": "*",
        "playwright-core": "1.25.0"
      }
    },
    "@types/node": {
      "version": "18.7.3",
      "resolved": "https://registry.npmjs.org/@types/node/-/node-18.7.3.tgz",
      "integrity": "sha512-LJgzOEwWuMTBxHzgBR/fhhBOWrvBjvO+zPteUgbbuQi80rYIZHrk1mNbRUqPZqSLP2H7Rwt1EFLL/tNLD1Xx/w==",
      "dev": true
    },
    "allure-commandline": {
      "version": "2.18.1",
      "resolved": "https://registry.npmjs.org/allure-commandline/-/allure-commandline-2.18.1.tgz",
      "integrity": "sha512-bB0jY00yXxROgaTkC/PTFzmT0sVuHGiOhm80onO+N/tr5MF3eQrBkwTOdvuefEWJ1NTACutvmzZSYn8o6W2evA==",
      "dev": true
    },
    "allure-js-commons": {
      "version": "2.0.0-beta.19",
      "resolved": "https://registry.npmjs.org/allure-js-commons/-/allure-js-commons-2.0.0-beta.19.tgz",
      "integrity": "sha512-sgt7TnU7s8QIzEOmLFO0T5ih4W2YbLrcsL1ElO7WN/dPzIww4G1BBJQDK98VCS+cG5qIljBYRuJ+rtzKWgtM8A==",
      "dev": true,
      "requires": {
        "mkdirp": "^1.0.4",
        "properties": "^1.2.1",
        "uuid": "^8.3.0"
      }
    },
    "allure-playwright": {
      "version": "2.0.0-beta.19",
      "resolved": "https://registry.npmjs.org/allure-playwright/-/allure-playwright-2.0.0-beta.19.tgz",
      "integrity": "sha512-TMSZToE0oPXz0qfH1cMaO5kcMrV8GkSlM1650Hk9dwpR/ldH2zx23/E7l1f77Elpqp/bGNyekjXNhYSx9ihCVg==",
      "dev": true,
      "requires": {
        "allure-js-commons": "2.0.0-beta.19"
      }
    },
    "mkdirp": {
      "version": "1.0.4",
      "resolved": "https://registry.npmjs.org/mkdirp/-/mkdirp-1.0.4.tgz",
      "integrity": "sha512-vVqVZQyf3WLx2Shd0qJ9xuvqgAyKPLAiqITEtqW0oIUjzo3PePDd6fW9iFz30ef7Ysp/oiWqbhszeGWW2T6Gzw==",
      "dev": true
    },
    "playwright-core": {
      "version": "1.25.0",
      "resolved": "https://registry.npmjs.org/playwright-core/-/playwright-core-1.25.0.tgz",
      "integrity": "sha512-kZ3Jwaf3wlu0GgU0nB8UMQ+mXFTqBIFz9h1svTlNduNKjnbPXFxw7mJanLVjqxHJRn62uBfmgBj93YHidk2N5Q==",
      "dev": true
    },
    "properties": {
      "version": "1.2.1",
      "resolved": "https://registry.npmjs.org/properties/-/properties-1.2.1.tgz",
      "integrity": "sha512-qYNxyMj1JeW54i/EWEFsM1cVwxJbtgPp8+0Wg9XjNaK6VE/c4oRi6PNu5p7w1mNXEIQIjV5Wwn8v8Gz82/QzdQ==",
      "dev": true
    },
    "rxjs": {
      "version": "7.5.6",
      "resolved": "https://registry.npmjs.org/rxjs/-/rxjs-7.5.6.tgz",
      "integrity": "sha512-dnyv2/YsXhnm461G+R/Pe5bWP41Nm6LBXEYWI6eiFP4fiwx6WRI/CD0zbdVAudd9xwLEF2IDcKXLHit0FYjUzw==",
      "dev": true,
      "requires": {
        "tslib": "^2.1.0"
      }
    },
    "tslib": {
      "version": "2.4.0",
      "resolved": "https://registry.npmjs.org/tslib/-/tslib-2.4.0.tgz",
      "integrity": "sha512-d6xOpEDfsi2CZVlPQzGeux8XMwLT9hssAsaPYExaQMuYskwb+x1x7J371tWlbBdWHroy99KnVB6qIkUbs5X3UQ==",
      "dev": true
    },
    "typescript": {
      "version": "4.7.4",
      "resolved": "https://registry.npmjs.org/typescript/-/typescript-4.7.4.tgz",
      "integrity": "sha512-C0WQT0gezHuw6AdY1M2jxUO83Rjf0HP7Sk1DtXj6j1EwkQNZrHAg2XPWlq62oqEhYvONq5pkC2Y9oPljWToLmQ==",
      "dev": true
    },
    "uuid": {
      "version": "8.3.2",
      "resolved": "https://registry.npmjs.org/uuid/-/uuid-8.3.2.tgz",
      "integrity": "sha512-+NYs2QeMWy+GWFOEm9xnn6HCDp0l7QBD7ml8zLUmJ+93Q5NF0NocErnwkTkXVFNiX3/fpC6afS8Dhb/gz7R7eg==",
      "dev": true
    }
  }
}
